
Microsoft Visual Studio Solution File, Format Version 12.00
Project("{FAE04EC0-301F-11D3-BF4B-00C04F79EFBC}") = "Elastic.Esql", "Elastic.Esql\Elastic.Esql.csproj", "{36D6A46E-D240-4F73-84AE-BCA5E712203F}"
EndProject
Project("{FAE04EC0-301F-11D3-BF4B-00C04F79EFBC}") = "Elastic.Esql.Tests", "Elastic.Esql.Tests\Elastic.Esql.Tests.csproj", "{B8444BB2-6045-4429-8F83-7AF0D09CFDCF}"
EndProject
Global
	GlobalSection(SolutionConfigurationPlatforms) = preSolution
		Debug|Any CPU = Debug|Any CPU
		Debug|x64 = Debug|x64
		Debug|x86 = Debug|x86
		Release|Any CPU = Release|Any CPU
		Release|x64 = Release|x64
		Release|x86 = Release|x86
	EndGlobalSection
	GlobalSection(ProjectConfigurationPlatforms) = postSolution
		{36D6A46E-D240-4F73-84AE-BCA5E712203F}.Debug|Any CPU.ActiveCfg = Debug|Any CPU
		{36D6A46E-D240-4F73-84AE-BCA5E712203F}.Debug|Any CPU.Build.0 = Debug|Any CPU
		{36D6A46E-D240-4F73-84AE-BCA5E712203F}.Debug|x64.ActiveCfg = Debug|Any CPU
		{36D6A46E-D240-4F73-84AE-BCA5E712203F}.Debug|x64.Build.0 = Debug|Any CPU
		{36D6A46E-D240-4F73-84AE-BCA5E712203F}.Debug|x86.ActiveCfg = Debug|Any CPU
		{36D6A46E-D240-4F73-84AE-BCA5E712203F}.Debug|x86.Build.0 = Debug|Any CPU
		{36D6A46E-D240-4F73-84AE-BCA5E712203F}.Release|Any CPU.ActiveCfg = Release|Any CPU
		{36D6A46E-D240-4F73-84AE-BCA5E712203F}.Release|Any CPU.Build.0 = Release|Any CPU
		{36D6A46E-D240-4F73-84AE-BCA5E712203F}.Release|x64.ActiveCfg = Release|Any CPU
		{36D6A46E-D240-4F73-84AE-BCA5E712203F}.Release|x64.Build.0 = Release|Any CPU
		{36D6A46E-D240-4F73-84AE-BCA5E712203F}.Release|x86.ActiveCfg = Release|Any CPU
		{36D6A46E-D240-4F73-84AE-BCA5E712203F}.Release|x86.Build.0 = Release|Any CPU
		{B8444BB2-6045-4429-8F83-7AF0D09CFDCF}.Debug|Any CPU.ActiveCfg = Debug|Any CPU
		{B8444BB2-6045-4429-8F83-7AF0D09CFDCF}.Debug|Any CPU.Build.0 = Debug|Any CPU
		{B8444BB2-6045-4429-8F83-7AF0D09CFDCF}.Debug|x64.ActiveCfg = Debug|Any CPU
		{B8444BB2-6045-4429-8F83-7AF0D09CFDCF}.Debug|x64.Build.0 = Debug|Any CPU
		{B8444BB2-6045-4429-8F83-7AF0D09CFDCF}.Debug|x86.ActiveCfg = Debug|Any CPU
		{B8444BB2-6045-4429-8F83-7AF0D09CFDCF}.Debug|x86.Build.0 = Debug|Any CPU
		{B8444BB2-6045-4429-8F83-7AF0D09CFDCF}.Release|Any CPU.ActiveCfg = Release|Any CPU
		{B8444BB2-6045-4429-8F83-7AF0D09CFDCF}.Release|Any CPU.Build.0 = Release|Any CPU
		{B8444BB2-6045-4429-8F83-7AF0D09CFDCF}.Release|x64.ActiveCfg = Release|Any CPU
		{B8444BB2-6045-4429-8F83-7AF0D09CFDCF}.Release|x64.Build.0 = Release|Any CPU
		{B8444BB2-6045-4429-8F83-7AF0D09CFDCF}.Release|x86.ActiveCfg = Release|Any CPU
		{B8444BB2-6045-4429-8F83-7AF0D09CFDCF}.Release|x86.Build.0 = Release|Any CPU
	EndGlobalSection
	GlobalSection(SolutionProperties) = preSolution
		HideSolutionNode = FALSE
	EndGlobalSection
EndGlobal
