
Microsoft Visual Studio Solution File, Format Version 12.00
Project("{FAE04EC0-301F-11D3-BF4B-00C04F79EFBC}") = "Elastic.Esql", "src\Elastic.Esql\Elastic.Esql.csproj", "{36D6A46E-D240-4F73-84AE-BCA5E712203F}"
EndProject
Project("{FAE04EC0-301F-11D3-BF4B-00C04F79EFBC}") = "Elastic.Esql.Tests", "tests\Elastic.Esql.Tests\Elastic.Esql.Tests.csproj", "{B8444BB2-6045-4429-8F83-7AF0D09CFDCF}"
EndProject
Project("{FAE04EC0-301F-11D3-BF4B-00C04F79EFBC}") = "Elastic.Mapping", "src\Elastic.Mapping\Elastic.Mapping.csproj", "{A1B2C3D4-E5F6-7890-ABCD-EF1234567890}"
EndProject
Project("{FAE04EC0-301F-11D3-BF4B-00C04F79EFBC}") = "Elastic.Mapping.Generator", "src\Elastic.Mapping.Generator\Elastic.Mapping.Generator.csproj", "{12345678-90AB-CDEF-1234-567890ABCDEF}"
EndProject
Project("{FAE04EC0-301F-11D3-BF4B-00C04F79EFBC}") = "Elastic.Mapping.Tests", "tests\Elastic.Mapping.Tests\Elastic.Mapping.Tests.csproj", "{FEDCBA09-8765-4321-FEDC-BA0987654321}"
EndProject
Project("{FAE04EC0-301F-11D3-BF4B-00C04F79EFBC}") = "Elastic.Examples.Domain", "examples\Elastic.Examples.Domain\Elastic.Examples.Domain.csproj", "{ABCD1234-5678-90EF-ABCD-123456789001}"
EndProject
Project("{FAE04EC0-301F-11D3-BF4B-00C04F79EFBC}") = "Elastic.Examples.Mapping", "examples\Elastic.Examples.Mapping\Elastic.Examples.Mapping.csproj", "{ABCD1234-5678-90EF-ABCD-123456789002}"
EndProject
Project("{FAE04EC0-301F-11D3-BF4B-00C04F79EFBC}") = "Elastic.Examples.Esql", "examples\Elastic.Examples.Esql\Elastic.Examples.Esql.csproj", "{ABCD1234-5678-90EF-ABCD-123456789003}"
EndProject
Project("{FAE04EC0-301F-11D3-BF4B-00C04F79EFBC}") = "Elastic.Examples.Ingest", "examples\Elastic.Examples.Ingest\Elastic.Examples.Ingest.csproj", "{ABCD1234-5678-90EF-ABCD-123456789004}"
EndProject
Project("{FAE04EC0-301F-11D3-BF4B-00C04F79EFBC}") = "Elastic.Examples.Aspire", "aspire\Elastic.Examples.Aspire.csproj", "{ABCD1234-5678-90EF-ABCD-123456789005}"
EndProject
Global
	GlobalSection(SolutionConfigurationPlatforms) = preSolution
		Debug|Any CPU = Debug|Any CPU
		Debug|x64 = Debug|x64
		Debug|x86 = Debug|x86
		Release|Any CPU = Release|Any CPU
		Release|x64 = Release|x64
		Release|x86 = Release|x86
	EndGlobalSection
	GlobalSection(ProjectConfigurationPlatforms) = postSolution
		{36D6A46E-D240-4F73-84AE-BCA5E712203F}.Debug|Any CPU.ActiveCfg = Debug|Any CPU
		{36D6A46E-D240-4F73-84AE-BCA5E712203F}.Debug|Any CPU.Build.0 = Debug|Any CPU
		{36D6A46E-D240-4F73-84AE-BCA5E712203F}.Debug|x64.ActiveCfg = Debug|Any CPU
		{36D6A46E-D240-4F73-84AE-BCA5E712203F}.Debug|x64.Build.0 = Debug|Any CPU
		{36D6A46E-D240-4F73-84AE-BCA5E712203F}.Debug|x86.ActiveCfg = Debug|Any CPU
		{36D6A46E-D240-4F73-84AE-BCA5E712203F}.Debug|x86.Build.0 = Debug|Any CPU
		{36D6A46E-D240-4F73-84AE-BCA5E712203F}.Release|Any CPU.ActiveCfg = Release|Any CPU
		{36D6A46E-D240-4F73-84AE-BCA5E712203F}.Release|Any CPU.Build.0 = Release|Any CPU
		{36D6A46E-D240-4F73-84AE-BCA5E712203F}.Release|x64.ActiveCfg = Release|Any CPU
		{36D6A46E-D240-4F73-84AE-BCA5E712203F}.Release|x64.Build.0 = Release|Any CPU
		{36D6A46E-D240-4F73-84AE-BCA5E712203F}.Release|x86.ActiveCfg = Release|Any CPU
		{36D6A46E-D240-4F73-84AE-BCA5E712203F}.Release|x86.Build.0 = Release|Any CPU
		{B8444BB2-6045-4429-8F83-7AF0D09CFDCF}.Debug|Any CPU.ActiveCfg = Debug|Any CPU
		{B8444BB2-6045-4429-8F83-7AF0D09CFDCF}.Debug|Any CPU.Build.0 = Debug|Any CPU
		{B8444BB2-6045-4429-8F83-7AF0D09CFDCF}.Debug|x64.ActiveCfg = Debug|Any CPU
		{B8444BB2-6045-4429-8F83-7AF0D09CFDCF}.Debug|x64.Build.0 = Debug|Any CPU
		{B8444BB2-6045-4429-8F83-7AF0D09CFDCF}.Debug|x86.ActiveCfg = Debug|Any CPU
		{B8444BB2-6045-4429-8F83-7AF0D09CFDCF}.Debug|x86.Build.0 = Debug|Any CPU
		{B8444BB2-6045-4429-8F83-7AF0D09CFDCF}.Release|Any CPU.ActiveCfg = Release|Any CPU
		{B8444BB2-6045-4429-8F83-7AF0D09CFDCF}.Release|Any CPU.Build.0 = Release|Any CPU
		{B8444BB2-6045-4429-8F83-7AF0D09CFDCF}.Release|x64.ActiveCfg = Release|Any CPU
		{B8444BB2-6045-4429-8F83-7AF0D09CFDCF}.Release|x64.Build.0 = Release|Any CPU
		{B8444BB2-6045-4429-8F83-7AF0D09CFDCF}.Release|x86.ActiveCfg = Release|Any CPU
		{B8444BB2-6045-4429-8F83-7AF0D09CFDCF}.Release|x86.Build.0 = Release|Any CPU
		{A1B2C3D4-E5F6-7890-ABCD-EF1234567890}.Debug|Any CPU.ActiveCfg = Debug|Any CPU
		{A1B2C3D4-E5F6-7890-ABCD-EF1234567890}.Debug|Any CPU.Build.0 = Debug|Any CPU
		{A1B2C3D4-E5F6-7890-ABCD-EF1234567890}.Debug|x64.ActiveCfg = Debug|Any CPU
		{A1B2C3D4-E5F6-7890-ABCD-EF1234567890}.Debug|x64.Build.0 = Debug|Any CPU
		{A1B2C3D4-E5F6-7890-ABCD-EF1234567890}.Debug|x86.ActiveCfg = Debug|Any CPU
		{A1B2C3D4-E5F6-7890-ABCD-EF1234567890}.Debug|x86.Build.0 = Debug|Any CPU
		{A1B2C3D4-E5F6-7890-ABCD-EF1234567890}.Release|Any CPU.ActiveCfg = Release|Any CPU
		{A1B2C3D4-E5F6-7890-ABCD-EF1234567890}.Release|Any CPU.Build.0 = Release|Any CPU
		{A1B2C3D4-E5F6-7890-ABCD-EF1234567890}.Release|x64.ActiveCfg = Release|Any CPU
		{A1B2C3D4-E5F6-7890-ABCD-EF1234567890}.Release|x64.Build.0 = Release|Any CPU
		{A1B2C3D4-E5F6-7890-ABCD-EF1234567890}.Release|x86.ActiveCfg = Release|Any CPU
		{A1B2C3D4-E5F6-7890-ABCD-EF1234567890}.Release|x86.Build.0 = Release|Any CPU
		{12345678-90AB-CDEF-1234-567890ABCDEF}.Debug|Any CPU.ActiveCfg = Debug|Any CPU
		{12345678-90AB-CDEF-1234-567890ABCDEF}.Debug|Any CPU.Build.0 = Debug|Any CPU
		{12345678-90AB-CDEF-1234-567890ABCDEF}.Debug|x64.ActiveCfg = Debug|Any CPU
		{12345678-90AB-CDEF-1234-567890ABCDEF}.Debug|x64.Build.0 = Debug|Any CPU
		{12345678-90AB-CDEF-1234-567890ABCDEF}.Debug|x86.ActiveCfg = Debug|Any CPU
		{12345678-90AB-CDEF-1234-567890ABCDEF}.Debug|x86.Build.0 = Debug|Any CPU
		{12345678-90AB-CDEF-1234-567890ABCDEF}.Release|Any CPU.ActiveCfg = Release|Any CPU
		{12345678-90AB-CDEF-1234-567890ABCDEF}.Release|Any CPU.Build.0 = Release|Any CPU
		{12345678-90AB-CDEF-1234-567890ABCDEF}.Release|x64.ActiveCfg = Release|Any CPU
		{12345678-90AB-CDEF-1234-567890ABCDEF}.Release|x64.Build.0 = Release|Any CPU
		{12345678-90AB-CDEF-1234-567890ABCDEF}.Release|x86.ActiveCfg = Release|Any CPU
		{12345678-90AB-CDEF-1234-567890ABCDEF}.Release|x86.Build.0 = Release|Any CPU
		{FEDCBA09-8765-4321-FEDC-BA0987654321}.Debug|Any CPU.ActiveCfg = Debug|Any CPU
		{FEDCBA09-8765-4321-FEDC-BA0987654321}.Debug|Any CPU.Build.0 = Debug|Any CPU
		{FEDCBA09-8765-4321-FEDC-BA0987654321}.Debug|x64.ActiveCfg = Debug|Any CPU
		{FEDCBA09-8765-4321-FEDC-BA0987654321}.Debug|x64.Build.0 = Debug|Any CPU
		{FEDCBA09-8765-4321-FEDC-BA0987654321}.Debug|x86.ActiveCfg = Debug|Any CPU
		{FEDCBA09-8765-4321-FEDC-BA0987654321}.Debug|x86.Build.0 = Debug|Any CPU
		{FEDCBA09-8765-4321-FEDC-BA0987654321}.Release|Any CPU.ActiveCfg = Release|Any CPU
		{FEDCBA09-8765-4321-FEDC-BA0987654321}.Release|Any CPU.Build.0 = Release|Any CPU
		{FEDCBA09-8765-4321-FEDC-BA0987654321}.Release|x64.ActiveCfg = Release|Any CPU
		{FEDCBA09-8765-4321-FEDC-BA0987654321}.Release|x64.Build.0 = Release|Any CPU
		{FEDCBA09-8765-4321-FEDC-BA0987654321}.Release|x86.ActiveCfg = Release|Any CPU
		{FEDCBA09-8765-4321-FEDC-BA0987654321}.Release|x86.Build.0 = Release|Any CPU
		{ABCD1234-5678-90EF-ABCD-123456789001}.Debug|Any CPU.ActiveCfg = Debug|Any CPU
		{ABCD1234-5678-90EF-ABCD-123456789001}.Debug|Any CPU.Build.0 = Debug|Any CPU
		{ABCD1234-5678-90EF-ABCD-123456789001}.Debug|x64.ActiveCfg = Debug|Any CPU
		{ABCD1234-5678-90EF-ABCD-123456789001}.Debug|x64.Build.0 = Debug|Any CPU
		{ABCD1234-5678-90EF-ABCD-123456789001}.Debug|x86.ActiveCfg = Debug|Any CPU
		{ABCD1234-5678-90EF-ABCD-123456789001}.Debug|x86.Build.0 = Debug|Any CPU
		{ABCD1234-5678-90EF-ABCD-123456789001}.Release|Any CPU.ActiveCfg = Release|Any CPU
		{ABCD1234-5678-90EF-ABCD-123456789001}.Release|Any CPU.Build.0 = Release|Any CPU
		{ABCD1234-5678-90EF-ABCD-123456789001}.Release|x64.ActiveCfg = Release|Any CPU
		{ABCD1234-5678-90EF-ABCD-123456789001}.Release|x64.Build.0 = Release|Any CPU
		{ABCD1234-5678-90EF-ABCD-123456789001}.Release|x86.ActiveCfg = Release|Any CPU
		{ABCD1234-5678-90EF-ABCD-123456789001}.Release|x86.Build.0 = Release|Any CPU
		{ABCD1234-5678-90EF-ABCD-123456789002}.Debug|Any CPU.ActiveCfg = Debug|Any CPU
		{ABCD1234-5678-90EF-ABCD-123456789002}.Debug|Any CPU.Build.0 = Debug|Any CPU
		{ABCD1234-5678-90EF-ABCD-123456789002}.Debug|x64.ActiveCfg = Debug|Any CPU
		{ABCD1234-5678-90EF-ABCD-123456789002}.Debug|x64.Build.0 = Debug|Any CPU
		{ABCD1234-5678-90EF-ABCD-123456789002}.Debug|x86.ActiveCfg = Debug|Any CPU
		{ABCD1234-5678-90EF-ABCD-123456789002}.Debug|x86.Build.0 = Debug|Any CPU
		{ABCD1234-5678-90EF-ABCD-123456789002}.Release|Any CPU.ActiveCfg = Release|Any CPU
		{ABCD1234-5678-90EF-ABCD-123456789002}.Release|Any CPU.Build.0 = Release|Any CPU
		{ABCD1234-5678-90EF-ABCD-123456789002}.Release|x64.ActiveCfg = Release|Any CPU
		{ABCD1234-5678-90EF-ABCD-123456789002}.Release|x64.Build.0 = Release|Any CPU
		{ABCD1234-5678-90EF-ABCD-123456789002}.Release|x86.ActiveCfg = Release|Any CPU
		{ABCD1234-5678-90EF-ABCD-123456789002}.Release|x86.Build.0 = Release|Any CPU
		{ABCD1234-5678-90EF-ABCD-123456789003}.Debug|Any CPU.ActiveCfg = Debug|Any CPU
		{ABCD1234-5678-90EF-ABCD-123456789003}.Debug|Any CPU.Build.0 = Debug|Any CPU
		{ABCD1234-5678-90EF-ABCD-123456789003}.Debug|x64.ActiveCfg = Debug|Any CPU
		{ABCD1234-5678-90EF-ABCD-123456789003}.Debug|x64.Build.0 = Debug|Any CPU
		{ABCD1234-5678-90EF-ABCD-123456789003}.Debug|x86.ActiveCfg = Debug|Any CPU
		{ABCD1234-5678-90EF-ABCD-123456789003}.Debug|x86.Build.0 = Debug|Any CPU
		{ABCD1234-5678-90EF-ABCD-123456789003}.Release|Any CPU.ActiveCfg = Release|Any CPU
		{ABCD1234-5678-90EF-ABCD-123456789003}.Release|Any CPU.Build.0 = Release|Any CPU
		{ABCD1234-5678-90EF-ABCD-123456789003}.Release|x64.ActiveCfg = Release|Any CPU
		{ABCD1234-5678-90EF-ABCD-123456789003}.Release|x64.Build.0 = Release|Any CPU
		{ABCD1234-5678-90EF-ABCD-123456789003}.Release|x86.ActiveCfg = Release|Any CPU
		{ABCD1234-5678-90EF-ABCD-123456789003}.Release|x86.Build.0 = Release|Any CPU
		{ABCD1234-5678-90EF-ABCD-123456789004}.Debug|Any CPU.ActiveCfg = Debug|Any CPU
		{ABCD1234-5678-90EF-ABCD-123456789004}.Debug|Any CPU.Build.0 = Debug|Any CPU
		{ABCD1234-5678-90EF-ABCD-123456789004}.Debug|x64.ActiveCfg = Debug|Any CPU
		{ABCD1234-5678-90EF-ABCD-123456789004}.Debug|x64.Build.0 = Debug|Any CPU
		{ABCD1234-5678-90EF-ABCD-123456789004}.Debug|x86.ActiveCfg = Debug|Any CPU
		{ABCD1234-5678-90EF-ABCD-123456789004}.Debug|x86.Build.0 = Debug|Any CPU
		{ABCD1234-5678-90EF-ABCD-123456789004}.Release|Any CPU.ActiveCfg = Release|Any CPU
		{ABCD1234-5678-90EF-ABCD-123456789004}.Release|Any CPU.Build.0 = Release|Any CPU
		{ABCD1234-5678-90EF-ABCD-123456789004}.Release|x64.ActiveCfg = Release|Any CPU
		{ABCD1234-5678-90EF-ABCD-123456789004}.Release|x64.Build.0 = Release|Any CPU
		{ABCD1234-5678-90EF-ABCD-123456789004}.Release|x86.ActiveCfg = Release|Any CPU
		{ABCD1234-5678-90EF-ABCD-123456789004}.Release|x86.Build.0 = Release|Any CPU
		{ABCD1234-5678-90EF-ABCD-123456789005}.Debug|Any CPU.ActiveCfg = Debug|Any CPU
		{ABCD1234-5678-90EF-ABCD-123456789005}.Debug|Any CPU.Build.0 = Debug|Any CPU
		{ABCD1234-5678-90EF-ABCD-123456789005}.Debug|x64.ActiveCfg = Debug|Any CPU
		{ABCD1234-5678-90EF-ABCD-123456789005}.Debug|x64.Build.0 = Debug|Any CPU
		{ABCD1234-5678-90EF-ABCD-123456789005}.Debug|x86.ActiveCfg = Debug|Any CPU
		{ABCD1234-5678-90EF-ABCD-123456789005}.Debug|x86.Build.0 = Debug|Any CPU
		{ABCD1234-5678-90EF-ABCD-123456789005}.Release|Any CPU.ActiveCfg = Release|Any CPU
		{ABCD1234-5678-90EF-ABCD-123456789005}.Release|Any CPU.Build.0 = Release|Any CPU
		{ABCD1234-5678-90EF-ABCD-123456789005}.Release|x64.ActiveCfg = Release|Any CPU
		{ABCD1234-5678-90EF-ABCD-123456789005}.Release|x64.Build.0 = Release|Any CPU
		{ABCD1234-5678-90EF-ABCD-123456789005}.Release|x86.ActiveCfg = Release|Any CPU
		{ABCD1234-5678-90EF-ABCD-123456789005}.Release|x86.Build.0 = Release|Any CPU
	EndGlobalSection
	GlobalSection(SolutionProperties) = preSolution
		HideSolutionNode = FALSE
	EndGlobalSection
EndGlobal
