<Solution>
  <Configurations>
    <Platform Name="Any CPU" />
    <Platform Name="x64" />
    <Platform Name="x86" />
  </Configurations>
  <Folder Name="/examples/">
    <Project Path="examples/Elastic.Examples.Domain/Elastic.Examples.Domain.csproj" />
    <Project Path="examples/Elastic.Examples.Esql/Elastic.Examples.Esql.csproj" />
    <Project Path="examples/Elastic.Examples.Ingest/Elastic.Examples.Ingest.csproj" />
    <Project Path="examples/Elastic.Examples.Mapping/Elastic.Examples.Mapping.csproj" />
    <Project Path="examples/mapping-aot-smoketest/mapping-aot-smoketest.csproj" />
    <Project Path="examples/esql-aot-smoketest/esql-aot-smoketest.csproj" />
  </Folder>
  <Folder Name="/playground/">
    <Project Path="playground/playground.csproj" />
  </Folder>
  <Folder Name="/src/">
    <Project Path="src/Elastic.Clients.Esql/Elastic.Clients.Esql.csproj" />
    <Project Path="src/Elastic.Esql/Elastic.Esql.csproj" />
    <Project Path="src/Elastic.Mapping.Generator/Elastic.Mapping.Generator.csproj" />
    <Project Path="src/Elastic.Mapping/Elastic.Mapping.csproj" />
  </Folder>
  <Folder Name="/tests/">
    <File Path="tests\Directory.Build.props" />
    <Project Path="tests/Elastic.Esql.Tests/Elastic.Esql.Tests.csproj" />
    <Project Path="tests/Elastic.Mapping.Tests/Elastic.Mapping.Tests.csproj" />
  </Folder>
  <Folder Name="/integration-tests/">
    <File Path="integration-tests\Directory.Build.props" />
    <Project Path="integration-tests/Elastic.Integration.Tests/Elastic.Integration.Tests.csproj" />
  </Folder>
  <Folder Name="/_root/">
    <File Path=".editorconfig" />
    <File Path=".gitignore" />
    <File Path="CLAUDE.md" />
    <File Path="Directory.Build.props" />
    <File Path="Directory.Packages.props" />
    <File Path="IMPLEMENTATION_PLAN.md" />
  </Folder>
  <Project Path=".github/.github.csproj" />
  <Project Path="aspire/aspire.csproj" />
  <Project Path="build/scripts/scripts.fsproj">
    <Build Solution="Debug|Any CPU" Project="false" />
    <Build Solution="Release|x64" Project="false" />
    <Build Solution="Release|x86" Project="false" />
  </Project>
  <Project Path="docs/docs.csproj" />
</Solution>
