<Solution>
  <Configurations>
    <Platform Name="Any CPU" />
    <Platform Name="x64" />
    <Platform Name="x86" />
  </Configurations>
  <Folder Name="/examples/">
    <Project Path="examples/esql-aot-smoketest/esql-aot-smoketest.csproj" />
    <Project Path="examples/esql-translation-showcase/esql-translation-showcase.csproj" />
  </Folder>
  <Folder Name="/src/">
    <Project Path="src/Elastic.Clients.Esql/Elastic.Clients.Esql.csproj" />
    <Project Path="src/Elastic.Esql/Elastic.Esql.csproj" />
  </Folder>
  <Folder Name="/tests/">
    <File Path="tests\Directory.Build.props" />
    <Project Path="integration-tests/Elastic.Integration.Tests/Elastic.Esql.Integration.Tests.csproj" />
    <Project Path="tests/Elastic.Esql.Tests/Elastic.Esql.Tests.csproj" />
  </Folder>
  <Folder Name="/_root/">
    <File Path=".editorconfig" />
    <File Path=".gitignore" />
    <File Path="CLAUDE.md" />
    <File Path="Directory.Build.props" />
    <File Path="Directory.Packages.props" />
  </Folder>
  <Project Path=".github/.github.csproj" />
  <Project Path="build/scripts/scripts.fsproj">
    <Build Solution="Debug|Any CPU" Project="false" />
    <Build Solution="Release|x64" Project="false" />
    <Build Solution="Release|x86" Project="false" />
  </Project>
  <Project Path="docs/docs.csproj" />
</Solution>
